// !$*UTF8*$!
{
	archiveVersion = 1;
	classes = {
	};
	objectVersion = 46;
	objects = {

/* Begin PBXBuildFile section */
		AD0C010E1B794AA100D14619 /* main.swift in Sources */ = {isa = PBXBuildFile; fileRef = AD0C010D1B794AA100D14619 /* main.swift */; };
		AD0C01151B7A4D3A00D14619 /* Boolean List.swift in Sources */ = {isa = PBXBuildFile; fileRef = AD0C01141B7A4D3A00D14619 /* Boolean List.swift */; };
		ADBC51261BE25E89007FF76F /* Function Fit.swift in Sources */ = {isa = PBXBuildFile; fileRef = ADBC51251BE25E89007FF76F /* Function Fit.swift */; };
		ADBC51281BE26543007FF76F /* Two Floats.swift in Sources */ = {isa = PBXBuildFile; fileRef = ADBC51271BE26543007FF76F /* Two Floats.swift */; };
/* End PBXBuildFile section */

/* Begin PBXCopyFilesBuildPhase section */
		AD0C01081B794AA100D14619 /* CopyFiles */ = {
			isa = PBXCopyFilesBuildPhase;
			buildActionMask = 2147483647;
			dstPath = /usr/share/man/man1/;
			dstSubfolderSpec = 0;
			files = (
			);
			runOnlyForDeploymentPostprocessing = 1;
		};
/* End PBXCopyFilesBuildPhase section */

/* Begin PBXFileReference section */
		AD0C010A1B794AA100D14619 /* Basic binary genetic optimization */ = {isa = PBXFileReference; explicitFileType = "compiled.mach-o.executable"; includeInIndex = 0; path = "Basic binary genetic optimization"; sourceTree = BUILT_PRODUCTS_DIR; };
		AD0C010D1B794AA100D14619 /* main.swift */ = {isa = PBXFileReference; lastKnownFileType = sourcecode.swift; path = main.swift; sourceTree = "<group>"; };
		AD0C01141B7A4D3A00D14619 /* Boolean List.swift */ = {isa = PBXFileReference; fileEncoding = 4; lastKnownFileType = sourcecode.swift; path = "Boolean List.swift"; sourceTree = "<group>"; };
		ADBC51251BE25E89007FF76F /* Function Fit.swift */ = {isa = PBXFileReference; fileEncoding = 4; lastKnownFileType = sourcecode.swift; path = "Function Fit.swift"; sourceTree = "<group>"; };
		ADBC51271BE26543007FF76F /* Two Floats.swift */ = {isa = PBXFileReference; fileEncoding = 4; lastKnownFileType = sourcecode.swift; path = "Two Floats.swift"; sourceTree = "<group>"; };
/* End PBXFileReference section */

/* Begin PBXFrameworksBuildPhase section */
		AD0C01071B794AA100D14619 /* Frameworks */ = {
			isa = PBXFrameworksBuildPhase;
			buildActionMask = 2147483647;
			files = (
			);
			runOnlyForDeploymentPostprocessing = 0;
		};
/* End PBXFrameworksBuildPhase section */

/* Begin PBXGroup section */
		AD0C01011B794AA100D14619 = {
			isa = PBXGroup;
			children = (
				AD0C010C1B794AA100D14619 /* Basic binary genetic optimization */,
				AD0C010B1B794AA100D14619 /* Products */,
			);
			sourceTree = "<group>";
		};
		AD0C010B1B794AA100D14619 /* Products */ = {
			isa = PBXGroup;
			children = (
				AD0C010A1B794AA100D14619 /* Basic binary genetic optimization */,
			);
			name = Products;
			sourceTree = "<group>";
		};
		AD0C010C1B794AA100D14619 /* Basic binary genetic optimization */ = {
			isa = PBXGroup;
			children = (
				AD0C010D1B794AA100D14619 /* main.swift */,
				ADBC51271BE26543007FF76F /* Two Floats.swift */,
				ADBC51251BE25E89007FF76F /* Function Fit.swift */,
				AD0C01141B7A4D3A00D14619 /* Boolean List.swift */,
			);
			path = "Basic binary genetic optimization";
			sourceTree = "<group>";
		};
/* End PBXGroup section */

/* Begin PBXNativeTarget section */
		AD0C01091B794AA100D14619 /* Basic binary genetic optimization */ = {
			isa = PBXNativeTarget;
			buildConfigurationList = AD0C01111B794AA100D14619 /* Build configuration list for PBXNativeTarget "Basic binary genetic optimization" */;
			buildPhases = (
				AD0C01061B794AA100D14619 /* Sources */,
				AD0C01071B794AA100D14619 /* Frameworks */,
				AD0C01081B794AA100D14619 /* CopyFiles */,
			);
			buildRules = (
			);
			dependencies = (
			);
			name = "Basic binary genetic optimization";
			productName = "Basic binary genetic optimization";
			productReference = AD0C010A1B794AA100D14619 /* Basic binary genetic optimization */;
			productType = "com.apple.product-type.tool";
		};
/* End PBXNativeTarget section */

/* Begin PBXProject section */
		AD0C01021B794AA100D14619 /* Project object */ = {
			isa = PBXProject;
			attributes = {
				LastSwiftMigration = 0710;
				LastSwiftUpdateCheck = 0710;
				LastUpgradeCheck = 0710;
				ORGANIZATIONNAME = "Carter Pape";
				TargetAttributes = {
					AD0C01091B794AA100D14619 = {
						CreatedOnToolsVersion = 6.4;
					};
				};
			};
			buildConfigurationList = AD0C01051B794AA100D14619 /* Build configuration list for PBXProject "Basic binary genetic optimization" */;
			compatibilityVersion = "Xcode 3.2";
			developmentRegion = English;
			hasScannedForEncodings = 0;
			knownRegions = (
				en,
			);
			mainGroup = AD0C01011B794AA100D14619;
			productRefGroup = AD0C010B1B794AA100D14619 /* Products */;
			projectDirPath = "";
			projectRoot = "";
			targets = (
				AD0C01091B794AA100D14619 /* Basic binary genetic optimization */,
			);
		};
/* End PBXProject section */

/* Begin PBXSourcesBuildPhase section */
		AD0C01061B794AA100D14619 /* Sources */ = {
			isa = PBXSourcesBuildPhase;
			buildActionMask = 2147483647;
			files = (
				AD0C010E1B794AA100D14619 /* main.swift in Sources */,
				AD0C01151B7A4D3A00D14619 /* Boolean List.swift in Sources */,
				ADBC51281BE26543007FF76F /* Two Floats.swift in Sources */,
				ADBC51261BE25E89007FF76F /* Function Fit.swift in Sources */,
			);
			runOnlyForDeploymentPostprocessing = 0;
		};
/* End PBXSourcesBuildPhase section */

/* Begin XCBuildConfiguration section */
		AD0C010F1B794AA100D14619 /* Debug */ = {
			isa = XCBuildConfiguration;
			buildSettings = {
				ALWAYS_SEARCH_USER_PATHS = NO;
				CLANG_CXX_LANGUAGE_STANDARD = "gnu++0x";
				CLANG_CXX_LIBRARY = "libc++";
				CLANG_ENABLE_MODULES = YES;
				CLANG_ENABLE_OBJC_ARC = YES;
				CLANG_WARN_BOOL_CONVERSION = YES;
				CLANG_WARN_CONSTANT_CONVERSION = YES;
				CLANG_WARN_DIRECT_OBJC_ISA_USAGE = YES_ERROR;
				CLANG_WARN_EMPTY_BODY = YES;
				CLANG_WARN_ENUM_CONVERSION = YES;
				CLANG_WARN_INT_CONVERSION = YES;
				CLANG_WARN_OBJC_ROOT_CLASS = YES_ERROR;
				CLANG_WARN_UNREACHABLE_CODE = YES;
				CLANG_WARN__DUPLICATE_METHOD_MATCH = YES;
				COPY_PHASE_STRIP = NO;
				DEBUG_INFORMATION_FORMAT = dwarf;
				ENABLE_STRICT_OBJC_MSGSEND = YES;
				ENABLE_TESTABILITY = YES;
				GCC_C_LANGUAGE_STANDARD = gnu99;
				GCC_DYNAMIC_NO_PIC = NO;
				GCC_NO_COMMON_BLOCKS = YES;
				GCC_OPTIMIZATION_LEVEL = 0;
				GCC_PREPROCESSOR_DEFINITIONS = (
					"DEBUG=1",
					"$(inherited)",
				);
				GCC_SYMBOLS_PRIVATE_EXTERN = NO;
				GCC_WARN_64_TO_32_BIT_CONVERSION = YES;
				GCC_WARN_ABOUT_RETURN_TYPE = YES_ERROR;
				GCC_WARN_UNDECLARED_SELECTOR = YES;
				GCC_WARN_UNINITIALIZED_AUTOS = YES_AGGRESSIVE;
				GCC_WARN_UNUSED_FUNCTION = YES;
				GCC_WARN_UNUSED_VARIABLE = YES;
				MACOSX_DEPLOYMENT_TARGET = 10.10;
				MTL_ENABLE_DEBUG_INFO = YES;
				ONLY_ACTIVE_ARCH = YES;
				SDKROOT = macosx;
				SWIFT_OPTIMIZATION_LEVEL = "-Onone";
			};
			name = Debug;
		};
		AD0C01101B794AA100D14619 /* Release */ = {
			isa = XCBuildConfiguration;
			buildSettings = {
				ALWAYS_SEARCH_USER_PATHS = NO;
				CLANG_CXX_LANGUAGE_STANDARD = "gnu++0x";
				CLANG_CXX_LIBRARY = "libc++";
				CLANG_ENABLE_MODULES = YES;
				CLANG_ENABLE_OBJC_ARC = YES;
				CLANG_WARN_BOOL_CONVERSION = YES;
				CLANG_WARN_CONSTANT_CONVERSION = YES;
				CLANG_WARN_DIRECT_OBJC_ISA_USAGE = YES_ERROR;
				CLANG_WARN_EMPTY_BODY = YES;
				CLANG_WARN_ENUM_CONVERSION = YES;
				CLANG_WARN_INT_CONVERSION = YES;
				CLANG_WARN_OBJC_ROOT_CLASS = YES_ERROR;
				CLANG_WARN_UNREACHABLE_CODE = YES;
				CLANG_WARN__DUPLICATE_METHOD_MATCH = YES;
				COPY_PHASE_STRIP = NO;
				DEBUG_INFORMATION_FORMAT = "dwarf-with-dsym";
				ENABLE_NS_ASSERTIONS = NO;
				ENABLE_STRICT_OBJC_MSGSEND = YES;
				GCC_C_LANGUAGE_STANDARD = gnu99;
				GCC_NO_COMMON_BLOCKS = YES;
				GCC_WARN_64_TO_32_BIT_CONVERSION = YES;
				GCC_WARN_ABOUT_RETURN_TYPE = YES_ERROR;
				GCC_WARN_UNDECLARED_SELECTOR = YES;
				GCC_WARN_UNINITIALIZED_AUTOS = YES_AGGRESSIVE;
				GCC_WARN_UNUSED_FUNCTION = YES;
				GCC_WARN_UNUSED_VARIABLE = YES;
				MACOSX_DEPLOYMENT_TARGET = 10.10;
				MTL_ENABLE_DEBUG_INFO = NO;
				SDKROOT = macosx;
			};
			name = Release;
		};
		AD0C01121B794AA100D14619 /* Debug */ = {
			isa = XCBuildConfiguration;
			buildSettings = {
				PRODUCT_NAME = "$(TARGET_NAME)";
			};
			name = Debug;
		};
		AD0C01131B794AA100D14619 /* Release */ = {
			isa = XCBuildConfiguration;
			buildSettings = {
				PRODUCT_NAME = "$(TARGET_NAME)";
			};
			name = Release;
		};
/* End XCBuildConfiguration section */

/* Begin XCConfigurationList section */
		AD0C01051B794AA100D14619 /* Build configuration list for PBXProject "Basic binary genetic optimization" */ = {
			isa = XCConfigurationList;
			buildConfigurations = (
				AD0C010F1B794AA100D14619 /* Debug */,
				AD0C01101B794AA100D14619 /* Release */,
			);
			defaultConfigurationIsVisible = 0;
			defaultConfigurationName = Release;
		};
		AD0C01111B794AA100D14619 /* Build configuration list for PBXNativeTarget "Basic binary genetic optimization" */ = {
			isa = XCConfigurationList;
			buildConfigurations = (
				AD0C01121B794AA100D14619 /* Debug */,
				AD0C01131B794AA100D14619 /* Release */,
			);
			defaultConfigurationIsVisible = 0;
			defaultConfigurationName = Release;
		};
/* End XCConfigurationList section */
	};
	rootObject = AD0C01021B794AA100D14619 /* Project object */;
}
